# THIS IS AN AUTOGENERATED FILE. DO NOT EDIT THIS FILE DIRECTLY.
# yarn lockfile v1


"@emnapi/runtime@^1.7.0":
  version "1.7.1"
  resolved "https://registry.yarnpkg.com/@emnapi/runtime/-/runtime-1.7.1.tgz#a73784e23f5d57287369c808197288b52276b791"
  integrity sha512-PVtJr5CmLwYAU9PZDMITZoR5iAOShYREoR45EyyLrbntV50mdePTgUn4AmOw90Ifcj+x2kRjdzr1HP3RrNiHGA==
  dependencies:
    tslib "^2.4.0"

"@img/colour@^1.0.0":
  version "1.0.0"
  resolved "https://registry.yarnpkg.com/@img/colour/-/colour-1.0.0.tgz#d2fabb223455a793bf3bf9c70de3d28526aa8311"
  integrity sha512-A5P/LfWGFSl6nsckYtjw9da+19jB8hkJ6ACTGcDfEJ0aE+l2n2El7dsVM7UVHZQ9s2lmYMWlrS21YLy2IR1LUw==

"@img/sharp-darwin-arm64@0.34.5":
  version "0.34.5"
  resolved "https://registry.yarnpkg.com/@img/sharp-darwin-arm64/-/sharp-darwin-arm64-0.34.5.tgz#6e0732dcade126b6670af7aa17060b926835ea86"
  integrity sha512-imtQ3WMJXbMY4fxb/Ndp6HBTNVtWCUI0WdobyheGf5+ad6xX8VIDO8u2xE4qc/fr08CKG/7dDseFtn6M6g/r3w==
  optionalDependencies:
    "@img/sharp-libvips-darwin-arm64" "1.2.4"

"@img/sharp-darwin-x64@0.34.5":
  version "0.34.5"
  resolved "https://registry.yarnpkg.com/@img/sharp-darwin-x64/-/sharp-darwin-x64-0.34.5.tgz#19bc1dd6eba6d5a96283498b9c9f401180ee9c7b"
  integrity sha512-YNEFAF/4KQ/PeW0N+r+aVVsoIY0/qxxikF2SWdp+NRkmMB7y9LBZAVqQ4yhGCm/H3H270OSykqmQMKLBhBJDEw==
  optionalDependencies:
    "@img/sharp-libvips-darwin-x64" "1.2.4"

"@img/sharp-libvips-darwin-arm64@1.2.4":
  version "1.2.4"
  resolved "https://registry.yarnpkg.com/@img/sharp-libvips-darwin-arm64/-/sharp-libvips-darwin-arm64-1.2.4.tgz#2894c0cb87d42276c3889942e8e2db517a492c43"
  integrity sha512-zqjjo7RatFfFoP0MkQ51jfuFZBnVE2pRiaydKJ1G/rHZvnsrHAOcQALIi9sA5co5xenQdTugCvtb1cuf78Vf4g==

"@img/sharp-libvips-darwin-x64@1.2.4":
  version "1.2.4"
  resolved "https://registry.yarnpkg.com/@img/sharp-libvips-darwin-x64/-/sharp-libvips-darwin-x64-1.2.4.tgz#e63681f4539a94af9cd17246ed8881734386f8cc"
  integrity sha512-1IOd5xfVhlGwX+zXv2N93k0yMONvUlANylbJw1eTah8K/Jtpi15KC+WSiaX/nBmbm2HxRM1gZ0nSdjSsrZbGKg==

"@img/sharp-libvips-linux-arm64@1.2.4":
  version "1.2.4"
  resolved "https://registry.yarnpkg.com/@img/sharp-libvips-linux-arm64/-/sharp-libvips-linux-arm64-1.2.4.tgz#b1b288b36864b3bce545ad91fa6dadcf1a4ad318"
  integrity sha512-excjX8DfsIcJ10x1Kzr4RcWe1edC9PquDRRPx3YVCvQv+U5p7Yin2s32ftzikXojb1PIFc/9Mt28/y+iRklkrw==

"@img/sharp-libvips-linux-arm@1.2.4":
  version "1.2.4"
  resolved "https://registry.yarnpkg.com/@img/sharp-libvips-linux-arm/-/sharp-libvips-linux-arm-1.2.4.tgz#b9260dd1ebe6f9e3bdbcbdcac9d2ac125f35852d"
  integrity sha512-bFI7xcKFELdiNCVov8e44Ia4u2byA+l3XtsAj+Q8tfCwO6BQ8iDojYdvoPMqsKDkuoOo+X6HZA0s0q11ANMQ8A==

"@img/sharp-libvips-linux-ppc64@1.2.4":
  version "1.2.4"
  resolved "https://registry.yarnpkg.com/@img/sharp-libvips-linux-ppc64/-/sharp-libvips-linux-ppc64-1.2.4.tgz#4b83ecf2a829057222b38848c7b022e7b4d07aa7"
  integrity sha512-FMuvGijLDYG6lW+b/UvyilUWu5Ayu+3r2d1S8notiGCIyYU/76eig1UfMmkZ7vwgOrzKzlQbFSuQfgm7GYUPpA==

"@img/sharp-libvips-linux-riscv64@1.2.4":
  version "1.2.4"
  resolved "https://registry.yarnpkg.com/@img/sharp-libvips-linux-riscv64/-/sharp-libvips-linux-riscv64-1.2.4.tgz#880b4678009e5a2080af192332b00b0aaf8a48de"
  integrity sha512-oVDbcR4zUC0ce82teubSm+x6ETixtKZBh/qbREIOcI3cULzDyb18Sr/Wcyx7NRQeQzOiHTNbZFF1UwPS2scyGA==

"@img/sharp-libvips-linux-s390x@1.2.4":
  version "1.2.4"
  resolved "https://registry.yarnpkg.com/@img/sharp-libvips-linux-s390x/-/sharp-libvips-linux-s390x-1.2.4.tgz#74f343c8e10fad821b38f75ced30488939dc59ec"
  integrity sha512-qmp9VrzgPgMoGZyPvrQHqk02uyjA0/QrTO26Tqk6l4ZV0MPWIW6LTkqOIov+J1yEu7MbFQaDpwdwJKhbJvuRxQ==

"@img/sharp-libvips-linux-x64@1.2.4":
  version "1.2.4"
  resolved "https://registry.yarnpkg.com/@img/sharp-libvips-linux-x64/-/sharp-libvips-linux-x64-1.2.4.tgz#df4183e8bd8410f7d61b66859a35edeab0a531ce"
  integrity sha512-tJxiiLsmHc9Ax1bz3oaOYBURTXGIRDODBqhveVHonrHJ9/+k89qbLl0bcJns+e4t4rvaNBxaEZsFtSfAdquPrw==

"@img/sharp-libvips-linuxmusl-arm64@1.2.4":
  version "1.2.4"
  resolved "https://registry.yarnpkg.com/@img/sharp-libvips-linuxmusl-arm64/-/sharp-libvips-linuxmusl-arm64-1.2.4.tgz#c8d6b48211df67137541007ee8d1b7b1f8ca8e06"
  integrity sha512-FVQHuwx1IIuNow9QAbYUzJ+En8KcVm9Lk5+uGUQJHaZmMECZmOlix9HnH7n1TRkXMS0pGxIJokIVB9SuqZGGXw==

"@img/sharp-libvips-linuxmusl-x64@1.2.4":
  version "1.2.4"
  resolved "https://registry.yarnpkg.com/@img/sharp-libvips-linuxmusl-x64/-/sharp-libvips-linuxmusl-x64-1.2.4.tgz#be11c75bee5b080cbee31a153a8779448f919f75"
  integrity sha512-+LpyBk7L44ZIXwz/VYfglaX/okxezESc6UxDSoyo2Ks6Jxc4Y7sGjpgU9s4PMgqgjj1gZCylTieNamqA1MF7Dg==

"@img/sharp-linux-arm64@0.34.5":
  version "0.34.5"
  resolved "https://registry.yarnpkg.com/@img/sharp-linux-arm64/-/sharp-linux-arm64-0.34.5.tgz#7aa7764ef9c001f15e610546d42fce56911790cc"
  integrity sha512-bKQzaJRY/bkPOXyKx5EVup7qkaojECG6NLYswgktOZjaXecSAeCWiZwwiFf3/Y+O1HrauiE3FVsGxFg8c24rZg==
  optionalDependencies:
    "@img/sharp-libvips-linux-arm64" "1.2.4"

"@img/sharp-linux-arm@0.34.5":
  version "0.34.5"
  resolved "https://registry.yarnpkg.com/@img/sharp-linux-arm/-/sharp-linux-arm-0.34.5.tgz#5fb0c3695dd12522d39c3ff7a6bc816461780a0d"
  integrity sha512-9dLqsvwtg1uuXBGZKsxem9595+ujv0sJ6Vi8wcTANSFpwV/GONat5eCkzQo/1O6zRIkh0m/8+5BjrRr7jDUSZw==
  optionalDependencies:
    "@img/sharp-libvips-linux-arm" "1.2.4"

"@img/sharp-linux-ppc64@0.34.5":
  version "0.34.5"
  resolved "https://registry.yarnpkg.com/@img/sharp-linux-ppc64/-/sharp-linux-ppc64-0.34.5.tgz#9c213a81520a20caf66978f3d4c07456ff2e0813"
  integrity sha512-7zznwNaqW6YtsfrGGDA6BRkISKAAE1Jo0QdpNYXNMHu2+0dTrPflTLNkpc8l7MUP5M16ZJcUvysVWWrMefZquA==
  optionalDependencies:
    "@img/sharp-libvips-linux-ppc64" "1.2.4"

"@img/sharp-linux-riscv64@0.34.5":
  version "0.34.5"
  resolved "https://registry.yarnpkg.com/@img/sharp-linux-riscv64/-/sharp-linux-riscv64-0.34.5.tgz#cdd28182774eadbe04f62675a16aabbccb833f60"
  integrity sha512-51gJuLPTKa7piYPaVs8GmByo7/U7/7TZOq+cnXJIHZKavIRHAP77e3N2HEl3dgiqdD/w0yUfiJnII77PuDDFdw==
  optionalDependencies:
    "@img/sharp-libvips-linux-riscv64" "1.2.4"

"@img/sharp-linux-s390x@0.34.5":
  version "0.34.5"
  resolved "https://registry.yarnpkg.com/@img/sharp-linux-s390x/-/sharp-linux-s390x-0.34.5.tgz#93eac601b9f329bb27917e0e19098c722d630df7"
  integrity sha512-nQtCk0PdKfho3eC5MrbQoigJ2gd1CgddUMkabUj+rBevs8tZ2cULOx46E7oyX+04WGfABgIwmMC0VqieTiR4jg==
  optionalDependencies:
    "@img/sharp-libvips-linux-s390x" "1.2.4"

"@img/sharp-linux-x64@0.34.5":
  version "0.34.5"
  resolved "https://registry.yarnpkg.com/@img/sharp-linux-x64/-/sharp-linux-x64-0.34.5.tgz#55abc7cd754ffca5002b6c2b719abdfc846819a8"
  integrity sha512-MEzd8HPKxVxVenwAa+JRPwEC7QFjoPWuS5NZnBt6B3pu7EG2Ge0id1oLHZpPJdn3OQK+BQDiw9zStiHBTJQQQQ==
  optionalDependencies:
    "@img/sharp-libvips-linux-x64" "1.2.4"

"@img/sharp-linuxmusl-arm64@0.34.5":
  version "0.34.5"
  resolved "https://registry.yarnpkg.com/@img/sharp-linuxmusl-arm64/-/sharp-linuxmusl-arm64-0.34.5.tgz#d6515ee971bb62f73001a4829b9d865a11b77086"
  integrity sha512-fprJR6GtRsMt6Kyfq44IsChVZeGN97gTD331weR1ex1c1rypDEABN6Tm2xa1wE6lYb5DdEnk03NZPqA7Id21yg==
  optionalDependencies:
    "@img/sharp-libvips-linuxmusl-arm64" "1.2.4"

"@img/sharp-linuxmusl-x64@0.34.5":
  version "0.34.5"
  resolved "https://registry.yarnpkg.com/@img/sharp-linuxmusl-x64/-/sharp-linuxmusl-x64-0.34.5.tgz#d97978aec7c5212f999714f2f5b736457e12ee9f"
  integrity sha512-Jg8wNT1MUzIvhBFxViqrEhWDGzqymo3sV7z7ZsaWbZNDLXRJZoRGrjulp60YYtV4wfY8VIKcWidjojlLcWrd8Q==
  optionalDependencies:
    "@img/sharp-libvips-linuxmusl-x64" "1.2.4"

"@img/sharp-wasm32@0.34.5":
  version "0.34.5"
  resolved "https://registry.yarnpkg.com/@img/sharp-wasm32/-/sharp-wasm32-0.34.5.tgz#2f15803aa626f8c59dd7c9d0bbc766f1ab52cfa0"
  integrity sha512-OdWTEiVkY2PHwqkbBI8frFxQQFekHaSSkUIJkwzclWZe64O1X4UlUjqqqLaPbUpMOQk6FBu/HtlGXNblIs0huw==
  dependencies:
    "@emnapi/runtime" "^1.7.0"

"@img/sharp-win32-arm64@0.34.5":
  version "0.34.5"
  resolved "https://registry.yarnpkg.com/@img/sharp-win32-arm64/-/sharp-win32-arm64-0.34.5.tgz#3706e9e3ac35fddfc1c87f94e849f1b75307ce0a"
  integrity sha512-WQ3AgWCWYSb2yt+IG8mnC6Jdk9Whs7O0gxphblsLvdhSpSTtmu69ZG1Gkb6NuvxsNACwiPV6cNSZNzt0KPsw7g==

"@img/sharp-win32-ia32@0.34.5":
  version "0.34.5"
  resolved "https://registry.yarnpkg.com/@img/sharp-win32-ia32/-/sharp-win32-ia32-0.34.5.tgz#0b71166599b049e032f085fb9263e02f4e4788de"
  integrity sha512-FV9m/7NmeCmSHDD5j4+4pNI8Cp3aW+JvLoXcTUo0IqyjSfAZJ8dIUmijx1qaJsIiU+Hosw6xM5KijAWRJCSgNg==

"@img/sharp-win32-x64@0.34.5":
  version "0.34.5"
  resolved "https://registry.yarnpkg.com/@img/sharp-win32-x64/-/sharp-win32-x64-0.34.5.tgz#a81ffb00e69267cd0a1d626eaedb8a8430b2b2f8"
  integrity sha512-+29YMsqY2/9eFEiW93eqWnuLcWcufowXewwSNIT6UwZdUUCrM3oFjMWH/Z6/TMmb4hlFenmfAVbpWeup2jryCw==

"@monaco-editor/loader@^1.5.0":
  version "1.7.0"
  resolved "https://registry.yarnpkg.com/@monaco-editor/loader/-/loader-1.7.0.tgz#967aaa4601b19e913627688dfe8159d57549e793"
  integrity sha512-gIwR1HrJrrx+vfyOhYmCZ0/JcWqG5kbfG7+d3f/C1LXk2EvzAbHSg3MQ5lO2sMlo9izoAZ04shohfKLVT6crVA==
  dependencies:
    state-local "^1.0.6"

"@monaco-editor/react@^4.7.0":
  version "4.7.0"
  resolved "https://registry.yarnpkg.com/@monaco-editor/react/-/react-4.7.0.tgz#35a1ec01bfe729f38bfc025df7b7bac145602a60"
  integrity sha512-cyzXQCtO47ydzxpQtCGSQGOC8Gk3ZUeBXFAxD+CWXYFo5OqZyZUonFl0DwUlTyAfRHntBfw2p3w4s9R6oe1eCA==
  dependencies:
    "@monaco-editor/loader" "^1.5.0"

"@next/env@16.0.7":
  version "16.0.7"
  resolved "https://registry.yarnpkg.com/@next/env/-/env-16.0.7.tgz#eda56377a865d890d25122257d2b8a85b81d6d3d"
  integrity sha512-gpaNgUh5nftFKRkRQGnVi5dpcYSKGcZZkQffZ172OrG/XkrnS7UBTQ648YY+8ME92cC4IojpI2LqTC8sTDhAaw==

"@next/swc-darwin-arm64@16.0.7":
  version "16.0.7"
  resolved "https://registry.yarnpkg.com/@next/swc-darwin-arm64/-/swc-darwin-arm64-16.0.7.tgz#ffe8afc902807e409f16a5f585dc4cb683804931"
  integrity sha512-LlDtCYOEj/rfSnEn/Idi+j1QKHxY9BJFmxx7108A6D8K0SB+bNgfYQATPk/4LqOl4C0Wo3LACg2ie6s7xqMpJg==

"@next/swc-darwin-x64@16.0.7":
  version "16.0.7"
  resolved "https://registry.yarnpkg.com/@next/swc-darwin-x64/-/swc-darwin-x64-16.0.7.tgz#ec5fd15ae391e1af9f152881f559bffaa24524e7"
  integrity sha512-rtZ7BhnVvO1ICf3QzfW9H3aPz7GhBrnSIMZyr4Qy6boXF0b5E3QLs+cvJmg3PsTCG2M1PBoC+DANUi4wCOKXpA==

"@next/swc-linux-arm64-gnu@16.0.7":
  version "16.0.7"
  resolved "https://registry.yarnpkg.com/@next/swc-linux-arm64-gnu/-/swc-linux-arm64-gnu-16.0.7.tgz#22be26ee7544f68aa916159b823899b67b09f0a6"
  integrity sha512-mloD5WcPIeIeeZqAIP5c2kdaTa6StwP4/2EGy1mUw8HiexSHGK/jcM7lFuS3u3i2zn+xH9+wXJs6njO7VrAqww==

"@next/swc-linux-arm64-musl@16.0.7":
  version "16.0.7"
  resolved "https://registry.yarnpkg.com/@next/swc-linux-arm64-musl/-/swc-linux-arm64-musl-16.0.7.tgz#1b34103951456e5d6766710e4f16dadbd7745bed"
  integrity sha512-+ksWNrZrthisXuo9gd1XnjHRowCbMtl/YgMpbRvFeDEqEBd523YHPWpBuDjomod88U8Xliw5DHhekBC3EOOd9g==

"@next/swc-linux-x64-gnu@16.0.7":
  version "16.0.7"
  resolved "https://registry.yarnpkg.com/@next/swc-linux-x64-gnu/-/swc-linux-x64-gnu-16.0.7.tgz#b45e1fa7aaf844269e0932c4cde49bb6b0817ce9"
  integrity sha512-4WtJU5cRDxpEE44Ana2Xro1284hnyVpBb62lIpU5k85D8xXxatT+rXxBgPkc7C1XwkZMWpK5rXLXTh9PFipWsA==

"@next/swc-linux-x64-musl@16.0.7":
  version "16.0.7"
  resolved "https://registry.yarnpkg.com/@next/swc-linux-x64-musl/-/swc-linux-x64-musl-16.0.7.tgz#c5376fd78ca97a911e2bbfb9b26dc623b54edfab"
  integrity sha512-HYlhqIP6kBPXalW2dbMTSuB4+8fe+j9juyxwfMwCe9kQPPeiyFn7NMjNfoFOfJ2eXkeQsoUGXg+O2SE3m4Qg2w==

"@next/swc-win32-arm64-msvc@16.0.7":
  version "16.0.7"
  resolved "https://registry.yarnpkg.com/@next/swc-win32-arm64-msvc/-/swc-win32-arm64-msvc-16.0.7.tgz#2cf27e275ddd8d04f89391a9cdf6790cccb3bf09"
  integrity sha512-EviG+43iOoBRZg9deGauXExjRphhuYmIOJ12b9sAPy0eQ6iwcPxfED2asb/s2/yiLYOdm37kPaiZu8uXSYPs0Q==

"@next/swc-win32-x64-msvc@16.0.7":
  version "16.0.7"
  resolved "https://registry.yarnpkg.com/@next/swc-win32-x64-msvc/-/swc-win32-x64-msvc-16.0.7.tgz#e9e38fcca752902542c25c527e532af71e9ca812"
  integrity sha512-gniPjy55zp5Eg0896qSrf3yB1dw4F/3s8VK1ephdsZZ129j2n6e1WqCbE2YgcKhW9hPB9TVZENugquWJD5x0ug==

"@swc/helpers@0.5.15":
  version "0.5.15"
  resolved "https://registry.yarnpkg.com/@swc/helpers/-/helpers-0.5.15.tgz#79efab344c5819ecf83a43f3f9f811fc84b516d7"
  integrity sha512-JQ5TuMi45Owi4/BIMAJBoSQoOJu12oOk/gADqlcUL9JEdHB8vyjUSsxqeNXnmXHjYKMi2WcYtezGEEhqUI/E2g==
  dependencies:
    tslib "^2.8.0"

"@tauri-apps/api@^2", "@tauri-apps/api@^2.8.0":
  version "2.9.1"
  resolved "https://registry.yarnpkg.com/@tauri-apps/api/-/api-2.9.1.tgz#e539bfa437e53864fd5e7ed0f28e8217fbc74de1"
  integrity sha512-IGlhP6EivjXHepbBic618GOmiWe4URJiIeZFlB7x3czM0yDHHYviH1Xvoiv4FefdkQtn6v7TuwWCRfOGdnVUGw==

"@tauri-apps/cli-darwin-arm64@2.9.5":
  version "2.9.5"
  resolved "https://registry.yarnpkg.com/@tauri-apps/cli-darwin-arm64/-/cli-darwin-arm64-2.9.5.tgz#a6ee947e35c1a54aea2455b6010cff8f739d54d6"
  integrity sha512-P5XDyCwq3VbWGAplyfP/bgmuUITVDcypxgZUyX45SM7HbU1Nrkk0cNK1HCOkuNBAVVbWen2GUNWah/AiupHHXg==

"@tauri-apps/cli-darwin-x64@2.9.5":
  version "2.9.5"
  resolved "https://registry.yarnpkg.com/@tauri-apps/cli-darwin-x64/-/cli-darwin-x64-2.9.5.tgz#8e76fd6bb72b09d2e849c5153ee8107cc56f2d6d"
  integrity sha512-JC9UfQ2ZKavx60dnNxsWztRF3oUH3dgPwN1WJ3/5RUy2aNwD/vXqvJAfNFZ4GWeQpoQ+PqJxduev0U4OMQonnA==

"@tauri-apps/cli-linux-arm-gnueabihf@2.9.5":
  version "2.9.5"
  resolved "https://registry.yarnpkg.com/@tauri-apps/cli-linux-arm-gnueabihf/-/cli-linux-arm-gnueabihf-2.9.5.tgz#c50713e92e0ce3929856a5116c9d6592fbe78468"
  integrity sha512-iCQm2Uvx8AheghfG/QUv1y8Ga9yquJt6xJwH1uF0x5KfmJmwBi8pHBvB924dDi59PS84qTdIBeJejQT00QX3Iw==

"@tauri-apps/cli-linux-arm64-gnu@2.9.5":
  version "2.9.5"
  resolved "https://registry.yarnpkg.com/@tauri-apps/cli-linux-arm64-gnu/-/cli-linux-arm64-gnu-2.9.5.tgz#e37e23afc5d83d700e29ea7b85e4bc1321d5ccc9"
  integrity sha512-b6AW8Gr5nQOQIYH0TsUev7rEThGHIvsx192eElOmOz/dh33J4pninHK32laMj2hzHMJ27qmDq5vANL+wrFo9sg==

"@tauri-apps/cli-linux-arm64-musl@2.9.5":
  version "2.9.5"
  resolved "https://registry.yarnpkg.com/@tauri-apps/cli-linux-arm64-musl/-/cli-linux-arm64-musl-2.9.5.tgz#cd054ab62aa1b496517e1d8850bf425e553a9141"
  integrity sha512-/gRBMnphS9E8riZ0LIbBhZ9Oy16A2rx/g3DGR0DcDBvUtkLfbL0lMu4s+sY85nkn9An15+cZ1ZK6d7AIqWahLA==

"@tauri-apps/cli-linux-riscv64-gnu@2.9.5":
  version "2.9.5"
  resolved "https://registry.yarnpkg.com/@tauri-apps/cli-linux-riscv64-gnu/-/cli-linux-riscv64-gnu-2.9.5.tgz#22a882ac3e2763f975897fd7120fe9bb9b2898bb"
  integrity sha512-NOzjPF9YIBodjdkFcJmqINT0k3YDoR5ANM/jg6Z6s3Zmk8ScN6inI60jTxcfgfWyITiKsPy7GJyYou3Cm2XNzw==

"@tauri-apps/cli-linux-x64-gnu@2.9.5":
  version "2.9.5"
  resolved "https://registry.yarnpkg.com/@tauri-apps/cli-linux-x64-gnu/-/cli-linux-x64-gnu-2.9.5.tgz#255e1892ea3eb54adec0ce01dc3ed62e7c729c92"
  integrity sha512-SfGbwgvTphM5y+J91NyU/psleMUlyyPkZyDCFg8WU1HX8DpKUT3Vwhb/W1xpUBGb56tJgGCO46FCVkr8w4Areg==

"@tauri-apps/cli-linux-x64-musl@2.9.5":
  version "2.9.5"
  resolved "https://registry.yarnpkg.com/@tauri-apps/cli-linux-x64-musl/-/cli-linux-x64-musl-2.9.5.tgz#1f99fdeaaac7f01f489de2f1d9243f9494355115"
  integrity sha512-ZfeoiASAOGDzyvN+TDAg8A1pCeS082h4uc0vZKvtWUN+9QBIMfz0yJwltAv+SN/afap6NS6DVkbPV3UVuI9V5A==

"@tauri-apps/cli-win32-arm64-msvc@2.9.5":
  version "2.9.5"
  resolved "https://registry.yarnpkg.com/@tauri-apps/cli-win32-arm64-msvc/-/cli-win32-arm64-msvc-2.9.5.tgz#902a351dcdcc2c592a6206fcd56010d9420d1500"
  integrity sha512-ulg7irow+ekjaK4inFHVq7m1KQebDSYNb17DFKV+h+x7qnLZymz2gHK7df2u4YyEjqvzwRd3AJpU3HNxRurSFQ==

"@tauri-apps/cli-win32-ia32-msvc@2.9.5":
  version "2.9.5"
  resolved "https://registry.yarnpkg.com/@tauri-apps/cli-win32-ia32-msvc/-/cli-win32-ia32-msvc-2.9.5.tgz#aa27c0bd5d7d3eca78c29762263bfc05fab19fd6"
  integrity sha512-6lF0k/Qduhn1Z3IOXlp2ts8jNOMIX4cK4Fbk3axGeX7LMcVVbOSEAFwbTqS8BKZDFac0WRS8N1C96+Ms5LOS1Q==

"@tauri-apps/cli-win32-x64-msvc@2.9.5":
  version "2.9.5"
  resolved "https://registry.yarnpkg.com/@tauri-apps/cli-win32-x64-msvc/-/cli-win32-x64-msvc-2.9.5.tgz#285805a5cc8a0644e9fce13756e0bbb0d9e9a2e5"
  integrity sha512-Vg50U74x1A4b2iBVtDcAVPbI1XVuzSmwlduuBM1VewxtRaVj5GDzWnYtBcnuIk+VGzNApRDfDhraAXGaW2a/Gw==

"@tauri-apps/cli@^2":
  version "2.9.5"
  resolved "https://registry.yarnpkg.com/@tauri-apps/cli/-/cli-2.9.5.tgz#579247d76bebf44cdebb0e7386e074d5c612f09f"
  integrity sha512-z88tX6O6kwTgMjYozhNGbehzQyBazgXejyH784CwSfBOWm06xFcogd0PY/jhcPsqzJF9kLRIkmlQy+cqdrioOQ==
  optionalDependencies:
    "@tauri-apps/cli-darwin-arm64" "2.9.5"
    "@tauri-apps/cli-darwin-x64" "2.9.5"
    "@tauri-apps/cli-linux-arm-gnueabihf" "2.9.5"
    "@tauri-apps/cli-linux-arm64-gnu" "2.9.5"
    "@tauri-apps/cli-linux-arm64-musl" "2.9.5"
    "@tauri-apps/cli-linux-riscv64-gnu" "2.9.5"
    "@tauri-apps/cli-linux-x64-gnu" "2.9.5"
    "@tauri-apps/cli-linux-x64-musl" "2.9.5"
    "@tauri-apps/cli-win32-arm64-msvc" "2.9.5"
    "@tauri-apps/cli-win32-ia32-msvc" "2.9.5"
    "@tauri-apps/cli-win32-x64-msvc" "2.9.5"

"@tauri-apps/plugin-opener@^2":
  version "2.5.2"
  resolved "https://registry.yarnpkg.com/@tauri-apps/plugin-opener/-/plugin-opener-2.5.2.tgz#6e2127d0ad7627a16103215ed596e4fa42bda199"
  integrity sha512-ei/yRRoCklWHImwpCcDK3VhNXx+QXM9793aQ64YxpqVF0BDuuIlXhZgiAkc15wnPVav+IbkYhmDJIv5R326Mew==
  dependencies:
    "@tauri-apps/api" "^2.8.0"

"@types/node@24.10.1":
  version "24.10.1"
  resolved "https://registry.yarnpkg.com/@types/node/-/node-24.10.1.tgz#91e92182c93db8bd6224fca031e2370cef9a8f01"
  integrity sha512-GNWcUTRBgIRJD5zj+Tq0fKOJ5XZajIiBroOF0yvj2bSU1WvNdYS/dn9UxwsujGW4JX06dnHyjV2y9rRaybH0iQ==
  dependencies:
    undici-types "~7.16.0"

"@types/react-dom@^19.2.3":
  version "19.2.3"
  resolved "https://registry.yarnpkg.com/@types/react-dom/-/react-dom-19.2.3.tgz#c1e305d15a52a3e508d54dca770d202cb63abf2c"
  integrity sha512-jp2L/eY6fn+KgVVQAOqYItbF0VY/YApe5Mz2F0aykSO8gx31bYCZyvSeYxCHKvzHG5eZjc+zyaS5BrBWya2+kQ==

"@types/react@^19.2.7":
  version "19.2.7"
  resolved "https://registry.yarnpkg.com/@types/react/-/react-19.2.7.tgz#84e62c0f23e8e4e5ac2cadcea1ffeacccae7f62f"
  integrity sha512-MWtvHrGZLFttgeEj28VXHxpmwYbor/ATPYbBfSFZEIRK0ecCFLl2Qo55z52Hss+UV9CRN7trSeq1zbgx7YDWWg==
  dependencies:
    csstype "^3.2.2"

"@types/trusted-types@^2.0.7":
  version "2.0.7"
  resolved "https://registry.yarnpkg.com/@types/trusted-types/-/trusted-types-2.0.7.tgz#baccb07a970b91707df3a3e8ba6896c57ead2d11"
  integrity sha512-ScaPdn1dQczgbl0QFTeTOmVHFULt394XJgOQNoyVhZ6r2vLnMLJfBPd53SB52T/3G36VI1/g2MZaX0cwDuXsfw==

caniuse-lite@^1.0.30001579:
  version "1.0.30001759"
  resolved "https://registry.yarnpkg.com/caniuse-lite/-/caniuse-lite-1.0.30001759.tgz#d569e7b010372c6b0ca3946e30dada0a2e9d5006"
  integrity sha512-Pzfx9fOKoKvevQf8oCXoyNRQ5QyxJj+3O0Rqx2V5oxT61KGx8+n6hV/IUyJeifUci2clnmmKVpvtiqRzgiWjSw==

client-only@0.0.1:
  version "0.0.1"
  resolved "https://registry.yarnpkg.com/client-only/-/client-only-0.0.1.tgz#38bba5d403c41ab150bff64a95c85013cf73bca1"
  integrity sha512-IV3Ou0jSMzZrd3pZ48nLkT9DA7Ag1pnPzaiQhpW7c3RbcqqzvzzVu+L8gfqMp/8IM2MQtSiqaCxrrcfu8I8rMA==

csstype@^3.2.2:
  version "3.2.3"
  resolved "https://registry.yarnpkg.com/csstype/-/csstype-3.2.3.tgz#ec48c0f3e993e50648c86da559e2610995cf989a"
  integrity sha512-z1HGKcYy2xA8AGQfwrn0PAy+PB7X/GSj3UVJW9qKyn43xWa+gl5nXmU4qqLMRzWVLFC8KusUX8T/0kCiOYpAIQ==

detect-libc@^2.1.2:
  version "2.1.2"
  resolved "https://registry.yarnpkg.com/detect-libc/-/detect-libc-2.1.2.tgz#689c5dcdc1900ef5583a4cb9f6d7b473742074ad"
  integrity sha512-Btj2BOOO83o3WyH59e8MgXsxEQVcarkUOpEYrubB0urwnN10yQ364rsiByU11nZlqWYZm05i/of7io4mzihBtQ==

dompurify@3.2.7:
  version "3.2.7"
  resolved "https://registry.yarnpkg.com/dompurify/-/dompurify-3.2.7.tgz#721d63913db5111dd6dfda8d3a748cfd7982d44a"
  integrity sha512-WhL/YuveyGXJaerVlMYGWhvQswa7myDG17P7Vu65EWC05o8vfeNbvNf4d/BOvH99+ZW+LlQsc1GDKMa1vNK6dw==
  optionalDependencies:
    "@types/trusted-types" "^2.0.7"

fast-plist@^0.1.2:
  version "0.1.3"
  resolved "https://registry.yarnpkg.com/fast-plist/-/fast-plist-0.1.3.tgz#328cd9335e93a2479ac90814a1302437574ea925"
  integrity sha512-d9cEfo/WcOezgPLAC/8t8wGb6YOD6JTCPMw2QcG2nAdFmyY+9rTUizCTaGjIZAloWENTEUMAPpkUAIJJJ0i96A==

lru-cache@^5.1.1:
  version "5.1.1"
  resolved "https://registry.yarnpkg.com/lru-cache/-/lru-cache-5.1.1.tgz#1da27e6710271947695daf6848e847f01d84b920"
  integrity sha512-KpNARQA3Iwv+jTA0utUVVbrh+Jlrr1Fv0e56GGzAFOXN7dk/FviaDW8LHmK52DlcH4WP2n6gI8vN1aesBFgo9w==
  dependencies:
    yallist "^3.0.2"

lucide-react@^0.556.0:
  version "0.556.0"
  resolved "https://registry.yarnpkg.com/lucide-react/-/lucide-react-0.556.0.tgz#aad61a065737aef30322695a11fd21c7542c71aa"
  integrity sha512-iOb8dRk7kLaYBZhR2VlV1CeJGxChBgUthpSP8wom9jfj79qovgG6qcSdiy6vkoREKPnbUYzJsCn4o4PtG3Iy+A==

marked@14.0.0:
  version "14.0.0"
  resolved "https://registry.yarnpkg.com/marked/-/marked-14.0.0.tgz#79a1477358a59e0660276f8fec76de2c33f35d83"
  integrity sha512-uIj4+faQ+MgHgwUW1l2PsPglZLOLOT1uErt06dAPtx2kjteLAkbsd/0FiYg/MGS+i7ZKLb7w2WClxHkzOOuryQ==

monaco-editor-textmate@^4.0.0:
  version "4.0.0"
  resolved "https://registry.yarnpkg.com/monaco-editor-textmate/-/monaco-editor-textmate-4.0.0.tgz#f85a8916989dac01791fff1f001e56fdb2907ab4"
  integrity sha512-Clwup5LJzVfwURQrS+odSEC5/hZBEG36pQnvBKt4OtBndF8r2xLeXUZcK/AqEBK2u0Npy7frFp9hG7m66Ol9hA==

monaco-editor@^0.55.1:
  version "0.55.1"
  resolved "https://registry.yarnpkg.com/monaco-editor/-/monaco-editor-0.55.1.tgz#e74c6fe5a6bf985b817d2de3eb88d56afc494a1b"
  integrity sha512-jz4x+TJNFHwHtwuV9vA9rMujcZRb0CEilTEwG2rRSpe/A7Jdkuj8xPKttCgOh+v/lkHy7HsZ64oj+q3xoAFl9A==
  dependencies:
    dompurify "3.2.7"
    marked "14.0.0"

monaco-textmate@^3.0.1:
  version "3.0.1"
  resolved "https://registry.yarnpkg.com/monaco-textmate/-/monaco-textmate-3.0.1.tgz#b6d26d266aa12edaff7069dae0d6e3747cba5cd7"
  integrity sha512-ZxxY3OsqUczYP1sGqo97tu+CJmMBwuSW+dL0WEBdDhOZ5G1zntw72hvBc68ZQAirosWvbDKgN1dL5k173QtFww==
  dependencies:
    fast-plist "^0.1.2"

nanoid@^3.3.6:
  version "3.3.11"
  resolved "https://registry.yarnpkg.com/nanoid/-/nanoid-3.3.11.tgz#4f4f112cefbe303202f2199838128936266d185b"
  integrity sha512-N8SpfPUnUp1bK+PMYW8qSWdl9U+wwNWI4QKxOYDy9JAro3WMX7p2OeVRF9v+347pnakNevPmiHhNmZ2HbFA76w==

next@^16.0.7:
  version "16.0.7"
  resolved "https://registry.yarnpkg.com/next/-/next-16.0.7.tgz#859045df71599a8883fc7049a65d6d468c56db08"
  integrity sha512-3mBRJyPxT4LOxAJI6IsXeFtKfiJUbjCLgvXO02fV8Wy/lIhPvP94Fe7dGhUgHXcQy4sSuYwQNcOLhIfOm0rL0A==
  dependencies:
    "@next/env" "16.0.7"
    "@swc/helpers" "0.5.15"
    caniuse-lite "^1.0.30001579"
    postcss "8.4.31"
    styled-jsx "5.1.6"
  optionalDependencies:
    "@next/swc-darwin-arm64" "16.0.7"
    "@next/swc-darwin-x64" "16.0.7"
    "@next/swc-linux-arm64-gnu" "16.0.7"
    "@next/swc-linux-arm64-musl" "16.0.7"
    "@next/swc-linux-x64-gnu" "16.0.7"
    "@next/swc-linux-x64-musl" "16.0.7"
    "@next/swc-win32-arm64-msvc" "16.0.7"
    "@next/swc-win32-x64-msvc" "16.0.7"
    sharp "^0.34.4"

onigasm@^2.2.5:
  version "2.2.5"
  resolved "https://registry.yarnpkg.com/onigasm/-/onigasm-2.2.5.tgz#cc4d2a79a0fa0b64caec1f4c7ea367585a676892"
  integrity sha512-F+th54mPc0l1lp1ZcFMyL/jTs2Tlq4SqIHKIXGZOR/VkHkF9A7Fr5rRr5+ZG/lWeRsyrClLYRq7s/yFQ/XhWCA==
  dependencies:
    lru-cache "^5.1.1"

picocolors@^1.0.0:
  version "1.1.1"
  resolved "https://registry.yarnpkg.com/picocolors/-/picocolors-1.1.1.tgz#3d321af3eab939b083c8f929a1d12cda81c26b6b"
  integrity sha512-xceH2snhtb5M9liqDsmEw56le376mTZkEX/jEb/RxNFyegNul7eNslCXP9FDj/Lcu0X8KEyMceP2ntpaHrDEVA==

postcss@8.4.31:
  version "8.4.31"
  resolved "https://registry.yarnpkg.com/postcss/-/postcss-8.4.31.tgz#92b451050a9f914da6755af352bdc0192508656d"
  integrity sha512-PS08Iboia9mts/2ygV3eLpY5ghnUcfLV/EXTOW1E2qYxJKGGBUtNjN76FYHnMs36RmARn41bC0AZmn+rR0OVpQ==
  dependencies:
    nanoid "^3.3.6"
    picocolors "^1.0.0"
    source-map-js "^1.0.2"

react-dom@^19.2.1:
  version "19.2.1"
  resolved "https://registry.yarnpkg.com/react-dom/-/react-dom-19.2.1.tgz#ce3527560bda4f997e47d10dab754825b3061f59"
  integrity sha512-ibrK8llX2a4eOskq1mXKu/TGZj9qzomO+sNfO98M6d9zIPOEhlBkMkBUBLd1vgS0gQsLDBzA+8jJBVXDnfHmJg==
  dependencies:
    scheduler "^0.27.0"

react@^19.2.1:
  version "19.2.1"
  resolved "https://registry.yarnpkg.com/react/-/react-19.2.1.tgz#8600fa205e58e2e807f6ef431c9f6492591a2700"
  integrity sha512-DGrYcCWK7tvYMnWh79yrPHt+vdx9tY+1gPZa7nJQtO/p8bLTDaHp4dzwEhQB7pZ4Xe3ok4XKuEPrVuc+wlpkmw==

scheduler@^0.27.0:
  version "0.27.0"
  resolved "https://registry.yarnpkg.com/scheduler/-/scheduler-0.27.0.tgz#0c4ef82d67d1e5c1e359e8fc76d3a87f045fe5bd"
  integrity sha512-eNv+WrVbKu1f3vbYJT/xtiF5syA5HPIMtf9IgY/nKg0sWqzAUEvqY/xm7OcZc/qafLx/iO9FgOmeSAp4v5ti/Q==

semver@^7.7.3:
  version "7.7.3"
  resolved "https://registry.yarnpkg.com/semver/-/semver-7.7.3.tgz#4b5f4143d007633a8dc671cd0a6ef9147b8bb946"
  integrity sha512-SdsKMrI9TdgjdweUSR9MweHA4EJ8YxHn8DFaDisvhVlUOe4BF1tLD7GAj0lIqWVl+dPb/rExr0Btby5loQm20Q==

sharp@^0.34.4:
  version "0.34.5"
  resolved "https://registry.yarnpkg.com/sharp/-/sharp-0.34.5.tgz#b6f148e4b8c61f1797bde11a9d1cfebbae2c57b0"
  integrity sha512-Ou9I5Ft9WNcCbXrU9cMgPBcCK8LiwLqcbywW3t4oDV37n1pzpuNLsYiAV8eODnjbtQlSDwZ2cUEeQz4E54Hltg==
  dependencies:
    "@img/colour" "^1.0.0"
    detect-libc "^2.1.2"
    semver "^7.7.3"
  optionalDependencies:
    "@img/sharp-darwin-arm64" "0.34.5"
    "@img/sharp-darwin-x64" "0.34.5"
    "@img/sharp-libvips-darwin-arm64" "1.2.4"
    "@img/sharp-libvips-darwin-x64" "1.2.4"
    "@img/sharp-libvips-linux-arm" "1.2.4"
    "@img/sharp-libvips-linux-arm64" "1.2.4"
    "@img/sharp-libvips-linux-ppc64" "1.2.4"
    "@img/sharp-libvips-linux-riscv64" "1.2.4"
    "@img/sharp-libvips-linux-s390x" "1.2.4"
    "@img/sharp-libvips-linux-x64" "1.2.4"
    "@img/sharp-libvips-linuxmusl-arm64" "1.2.4"
    "@img/sharp-libvips-linuxmusl-x64" "1.2.4"
    "@img/sharp-linux-arm" "0.34.5"
    "@img/sharp-linux-arm64" "0.34.5"
    "@img/sharp-linux-ppc64" "0.34.5"
    "@img/sharp-linux-riscv64" "0.34.5"
    "@img/sharp-linux-s390x" "0.34.5"
    "@img/sharp-linux-x64" "0.34.5"
    "@img/sharp-linuxmusl-arm64" "0.34.5"
    "@img/sharp-linuxmusl-x64" "0.34.5"
    "@img/sharp-wasm32" "0.34.5"
    "@img/sharp-win32-arm64" "0.34.5"
    "@img/sharp-win32-ia32" "0.34.5"
    "@img/sharp-win32-x64" "0.34.5"

source-map-js@^1.0.2:
  version "1.2.1"
  resolved "https://registry.yarnpkg.com/source-map-js/-/source-map-js-1.2.1.tgz#1ce5650fddd87abc099eda37dcff024c2667ae46"
  integrity sha512-UXWMKhLOwVKb728IUtQPXxfYU+usdybtUrK/8uGE8CQMvrhOpwvzDBwj0QhSL7MQc7vIsISBG8VQ8+IDQxpfQA==

state-local@^1.0.6:
  version "1.0.7"
  resolved "https://registry.yarnpkg.com/state-local/-/state-local-1.0.7.tgz#da50211d07f05748d53009bee46307a37db386d5"
  integrity sha512-HTEHMNieakEnoe33shBYcZ7NX83ACUjCu8c40iOGEZsngj9zRnkqS9j1pqQPXwobB0ZcVTk27REb7COQ0UR59w==

styled-jsx@5.1.6:
  version "5.1.6"
  resolved "https://registry.yarnpkg.com/styled-jsx/-/styled-jsx-5.1.6.tgz#83b90c077e6c6a80f7f5e8781d0f311b2fe41499"
  integrity sha512-qSVyDTeMotdvQYoHWLNGwRFJHC+i+ZvdBRYosOFgC+Wg1vx4frN2/RG/NA7SYqqvKNLf39P2LSRA2pu6n0XYZA==
  dependencies:
    client-only "0.0.1"

tslib@^2.4.0, tslib@^2.8.0:
  version "2.8.1"
  resolved "https://registry.yarnpkg.com/tslib/-/tslib-2.8.1.tgz#612efe4ed235d567e8aba5f2a5fab70280ade83f"
  integrity sha512-oJFu94HQb+KVduSUQL7wnpmqnfmLsOA/nAh6b6EH0wCEoK0/mPeXU6c3wKDV83MkOuHPRHtSXKKU99IBazS/2w==

typescript@^5.9.3:
  version "5.9.3"
  resolved "https://registry.yarnpkg.com/typescript/-/typescript-5.9.3.tgz#5b4f59e15310ab17a216f5d6cf53ee476ede670f"
  integrity sha512-jl1vZzPDinLr9eUt3J/t7V6FgNEw9QjvBPdysz9KfQDD41fQrC2Y4vKQdiaUpFT4bXlb1RHhLpp8wtm6M5TgSw==

undici-types@~7.16.0:
  version "7.16.0"
  resolved "https://registry.yarnpkg.com/undici-types/-/undici-types-7.16.0.tgz#ffccdff36aea4884cbfce9a750a0580224f58a46"
  integrity sha512-Zz+aZWSj8LE6zoxD+xrjh4VfkIG8Ya6LvYkZqtUQGJPZjYl53ypCaUwWqo7eI0x66KBGeRo+mlBEkMSeSZ38Nw==

yallist@^3.0.2:
  version "3.1.1"
  resolved "https://registry.yarnpkg.com/yallist/-/yallist-3.1.1.tgz#dbb7daf9bfd8bac9ab45ebf602b8cbad0d5d08fd"
  integrity sha512-a4UGQaWPH59mOXUYnAG2ewncQS4i4F43Tv3JoAM+s2VDAmS9NsK8GpDMLrCHPksFT7h3K6TOoUNn2pb7RoXx4g==
